# THIS IS AN AUTOGENERATED FILE. DO NOT EDIT THIS FILE DIRECTLY.
# yarn lockfile v1


"@prettier/plugin-php@^0.6.0":
  version "0.6.0"
  resolved "https://registry.yarnpkg.com/@prettier/plugin-php/-/plugin-php-0.6.0.tgz#bc3458168dec217fc869db7b0950eb7da8cb0ec1"
  dependencies:
    mem "^3.0.1"
    php-parser "3.0.0-alpha2"

mem@^3.0.1:
  version "3.0.1"
  resolved "https://registry.yarnpkg.com/mem/-/mem-3.0.1.tgz#152410d0d7e835e4a4363e626238d9e5be3d6f5a"
  dependencies:
    mimic-fn "^1.0.0"
    p-is-promise "^1.1.0"

mimic-fn@^1.0.0:
  version "1.2.0"
  resolved "https://registry.yarnpkg.com/mimic-fn/-/mimic-fn-1.2.0.tgz#820c86a39334640e99516928bd03fca88057d022"

p-is-promise@^1.1.0:
  version "1.1.0"
  resolved "https://registry.yarnpkg.com/p-is-promise/-/p-is-promise-1.1.0.tgz#9c9456989e9f6588017b0434d56097675c3da05e"

php-parser@3.0.0-alpha2:
  version "3.0.0-alpha2"
  resolved "https://registry.yarnpkg.com/php-parser/-/php-parser-3.0.0-alpha2.tgz#6dc391cac809e541738f1c73f6ecb9d840a38840"

prettier@^1.14.2:
  version "1.14.2"
  resolved "https://registry.yarnpkg.com/prettier/-/prettier-1.14.2.tgz#0ac1c6e1a90baa22a62925f41963c841983282f9"
